
Microsoft Visual Studio Solution File, Format Version 12.00
# Visual Studio Version 17
VisualStudioVersion = 17.0.31903.59
MinimumVisualStudioVersion = 10.0.40219.1
Project("{FAE04EC0-301F-11D3-BF4B-00C04F79EFBC}") = "LegacyBank.Web", "LegacyBank.Web\LegacyBank.Web.csproj", "{8E9A2E9B-3F4C-4D5A-9E6B-1A2B3C4D5E6F}"
EndProject
Project("{FAE04EC0-301F-11D3-BF4B-00C04F79EFBC}") = "LegacyBank.BackOffice", "LegacyBank.BackOffice\LegacyBank.BackOffice.csproj", "{9F0B3F0C-4E5D-5E6B-AF7C-2B3C4D5E6F70}"
EndProject
Global
	GlobalSection(SolutionConfigurationPlatforms) = preSolution
		Debug|Any CPU = Debug|Any CPU
		Release|Any CPU = Release|Any CPU
	EndGlobalSection
	GlobalSection(ProjectConfigurationPlatforms) = postSolution
		{8E9A2E9B-3F4C-4D5A-9E6B-1A2B3C4D5E6F}.Debug|Any CPU.ActiveCfg = Debug|Any CPU
		{8E9A2E9B-3F4C-4D5A-9E6B-1A2B3C4D5E6F}.Debug|Any CPU.Build.0 = Debug|Any CPU
		{8E9A2E9B-3F4C-4D5A-9E6B-1A2B3C4D5E6F}.Release|Any CPU.ActiveCfg = Release|Any CPU
		{8E9A2E9B-3F4C-4D5A-9E6B-1A2B3C4D5E6F}.Release|Any CPU.Build.0 = Release|Any CPU
		{9F0B3F0C-4E5D-5E6B-AF7C-2B3C4D5E6F70}.Debug|Any CPU.ActiveCfg = Debug|Any CPU
		{9F0B3F0C-4E5D-5E6B-AF7C-2B3C4D5E6F70}.Debug|Any CPU.Build.0 = Debug|Any CPU
		{9F0B3F0C-4E5D-5E6B-AF7C-2B3C4D5E6F70}.Release|Any CPU.ActiveCfg = Release|Any CPU
		{9F0B3F0C-4E5D-5E6B-AF7C-2B3C4D5E6F70}.Release|Any CPU.Build.0 = Release|Any CPU
	EndGlobalSection
	GlobalSection(SolutionProperties) = preSolution
		HideSolutionNode = FALSE
	EndGlobalSection
EndGlobal
